
Microsoft Visual Studio Solution File, Format Version 12.00
# Visual Studio Version 17
VisualStudioVersion = 17.5.002.0
MinimumVisualStudioVersion = 10.0.40219.1
Project("{9A19103F-16F7-4668-BE54-9A1E7A4F7556}") = "tl1-proyectofinal2024-franleccese11", "tl1-proyectofinal2024-franleccese11.csproj", "{83185E4D-49B0-4EA3-A0E6-1A3BC157974B}"
EndProject
Global
	GlobalSection(SolutionConfigurationPlatforms) = preSolution
		Debug|Any CPU = Debug|Any CPU
		Release|Any CPU = Release|Any CPU
	EndGlobalSection
	GlobalSection(ProjectConfigurationPlatforms) = postSolution
		{83185E4D-49B0-4EA3-A0E6-1A3BC157974B}.Debug|Any CPU.ActiveCfg = Debug|Any CPU
		{83185E4D-49B0-4EA3-A0E6-1A3BC157974B}.Debug|Any CPU.Build.0 = Debug|Any CPU
		{83185E4D-49B0-4EA3-A0E6-1A3BC157974B}.Release|Any CPU.ActiveCfg = Release|Any CPU
		{83185E4D-49B0-4EA3-A0E6-1A3BC157974B}.Release|Any CPU.Build.0 = Release|Any CPU
	EndGlobalSection
	GlobalSection(SolutionProperties) = preSolution
		HideSolutionNode = FALSE
	EndGlobalSection
	GlobalSection(ExtensibilityGlobals) = postSolution
		SolutionGuid = {D7F7CDFA-8EE2-48A8-8085-B12BEC9F1C69}
	EndGlobalSection
EndGlobal
